Microsoft Visual Studio Solution File, Format Version 12.00
# Visual Studio Version 17
VisualStudioVersion = 17.5.2.0
MinimumVisualStudioVersion = 10.0.40219.1
Project("{2150E333-8FDC-42A3-9474-1A3956D46DE8}") = "security", "security", "{4FD5FBA0-2B6D-9AF0-80AB-924D53C1394D}"
EndProject
Project("{FAE04EC0-301F-11D3-BF4B-00C04F79EFBC}") = "CodeJam2026", "security\CodeJam2026\CodeJam2026.csproj", "{A6573BB1-C4D1-58D6-7AAF-B08B4C6BC1CC}"
EndProject
Global
	GlobalSection(SolutionConfigurationPlatforms) = preSolution
		Debug|Any CPU = Debug|Any CPU
		Release|Any CPU = Release|Any CPU
	EndGlobalSection
	GlobalSection(ProjectConfigurationPlatforms) = postSolution
		{A6573BB1-C4D1-58D6-7AAF-B08B4C6BC1CC}.Debug|Any CPU.ActiveCfg = Debug|Any CPU
		{A6573BB1-C4D1-58D6-7AAF-B08B4C6BC1CC}.Debug|Any CPU.Build.0 = Debug|Any CPU
		{A6573BB1-C4D1-58D6-7AAF-B08B4C6BC1CC}.Release|Any CPU.ActiveCfg = Release|Any CPU
		{A6573BB1-C4D1-58D6-7AAF-B08B4C6BC1CC}.Release|Any CPU.Build.0 = Release|Any CPU
	EndGlobalSection
	GlobalSection(SolutionProperties) = preSolution
		HideSolutionNode = FALSE
	EndGlobalSection
	GlobalSection(NestedProjects) = preSolution
		{A6573BB1-C4D1-58D6-7AAF-B08B4C6BC1CC} = {4FD5FBA0-2B6D-9AF0-80AB-924D53C1394D}
	EndGlobalSection
	GlobalSection(ExtensibilityGlobals) = postSolution
		SolutionGuid = {D93421F3-8E0A-472A-A85C-0882C477BE13}
	EndGlobalSection
EndGlobal
