Microsoft Visual Studio Solution File, Format Version 12.00
# Visual Studio Version 17
VisualStudioVersion = 17.5.2.0
MinimumVisualStudioVersion = 10.0.40219.1
Project("{FAE04EC0-301F-11D3-BF4B-00C04F79EFBC}") = "InvestorPrototype", "InvestorPrototype.csproj", "{542E8A4C-525C-6CDF-0F8C-DC01D11C363B}"
EndProject
Global
	GlobalSection(SolutionConfigurationPlatforms) = preSolution
		Debug|Any CPU = Debug|Any CPU
		Release|Any CPU = Release|Any CPU
	EndGlobalSection
	GlobalSection(ProjectConfigurationPlatforms) = postSolution
		{542E8A4C-525C-6CDF-0F8C-DC01D11C363B}.Debug|Any CPU.ActiveCfg = Debug|Any CPU
		{542E8A4C-525C-6CDF-0F8C-DC01D11C363B}.Debug|Any CPU.Build.0 = Debug|Any CPU
		{542E8A4C-525C-6CDF-0F8C-DC01D11C363B}.Release|Any CPU.ActiveCfg = Release|Any CPU
		{542E8A4C-525C-6CDF-0F8C-DC01D11C363B}.Release|Any CPU.Build.0 = Release|Any CPU
	EndGlobalSection
	GlobalSection(SolutionProperties) = preSolution
		HideSolutionNode = FALSE
	EndGlobalSection
	GlobalSection(ExtensibilityGlobals) = postSolution
		SolutionGuid = {38C407A6-5D5A-4788-8661-6C94EFCCD5BB}
	EndGlobalSection
EndGlobal
